
Microsoft Visual Studio Solution File, Format Version 12.00
# Visual Studio Version 17
VisualStudioVersion = 17.0.31903.59
MinimumVisualStudioVersion = 10.0.40219.1
Project("{9A19103F-16F7-4668-BE54-9A1E7A4F7556}") = "InnowiseTask.Server", "InnowiseTask.Server\InnowiseTask.Server.csproj", "{C314BA2F-BDB5-4B5A-B956-B04DEC8275CE}"
EndProject
Project("{9A19103F-16F7-4668-BE54-9A1E7A4F7556}") = "InnowiseTask.Server.Data", "InnowiseTask.Server.Data\InnowiseTask.Server.Data.csproj", "{42F5F785-D41F-4F64-927A-38A2374DF3EF}"
EndProject
Project("{9A19103F-16F7-4668-BE54-9A1E7A4F7556}") = "InnowiseTask.Server.Services", "InnowiseTask.Server.Services\InnowiseTask.Server.Services.csproj", "{C02BC14F-4215-415F-977B-C1594FDE21CE}"
EndProject
Project("{FAE04EC0-301F-11D3-BF4B-00C04F79EFBC}") = "InnowiseTask.Server.Test", "InnowiseTask.Server.Test\InnowiseTask.Server.Test.csproj", "{6CC84C59-1B49-4707-B686-16D1FA3A6743}"
EndProject
Global
	GlobalSection(SolutionConfigurationPlatforms) = preSolution
		Debug|Any CPU = Debug|Any CPU
		Release|Any CPU = Release|Any CPU
	EndGlobalSection
	GlobalSection(ProjectConfigurationPlatforms) = postSolution
		{C314BA2F-BDB5-4B5A-B956-B04DEC8275CE}.Debug|Any CPU.ActiveCfg = Debug|Any CPU
		{C314BA2F-BDB5-4B5A-B956-B04DEC8275CE}.Debug|Any CPU.Build.0 = Debug|Any CPU
		{C314BA2F-BDB5-4B5A-B956-B04DEC8275CE}.Release|Any CPU.ActiveCfg = Release|Any CPU
		{C314BA2F-BDB5-4B5A-B956-B04DEC8275CE}.Release|Any CPU.Build.0 = Release|Any CPU
		{42F5F785-D41F-4F64-927A-38A2374DF3EF}.Debug|Any CPU.ActiveCfg = Debug|Any CPU
		{42F5F785-D41F-4F64-927A-38A2374DF3EF}.Debug|Any CPU.Build.0 = Debug|Any CPU
		{42F5F785-D41F-4F64-927A-38A2374DF3EF}.Release|Any CPU.ActiveCfg = Release|Any CPU
		{42F5F785-D41F-4F64-927A-38A2374DF3EF}.Release|Any CPU.Build.0 = Release|Any CPU
		{C02BC14F-4215-415F-977B-C1594FDE21CE}.Debug|Any CPU.ActiveCfg = Debug|Any CPU
		{C02BC14F-4215-415F-977B-C1594FDE21CE}.Debug|Any CPU.Build.0 = Debug|Any CPU
		{C02BC14F-4215-415F-977B-C1594FDE21CE}.Release|Any CPU.ActiveCfg = Release|Any CPU
		{C02BC14F-4215-415F-977B-C1594FDE21CE}.Release|Any CPU.Build.0 = Release|Any CPU
		{6CC84C59-1B49-4707-B686-16D1FA3A6743}.Debug|Any CPU.ActiveCfg = Debug|Any CPU
		{6CC84C59-1B49-4707-B686-16D1FA3A6743}.Debug|Any CPU.Build.0 = Debug|Any CPU
		{6CC84C59-1B49-4707-B686-16D1FA3A6743}.Release|Any CPU.ActiveCfg = Release|Any CPU
		{6CC84C59-1B49-4707-B686-16D1FA3A6743}.Release|Any CPU.Build.0 = Release|Any CPU
	EndGlobalSection
	GlobalSection(SolutionProperties) = preSolution
		HideSolutionNode = FALSE
	EndGlobalSection
	GlobalSection(ExtensibilityGlobals) = postSolution
		SolutionGuid = {B4AE33F4-1680-4481-AFAE-F9D67D25437E}
	EndGlobalSection
EndGlobal
